
Microsoft Visual Studio Solution File, Format Version 12.00
# Visual Studio Version 16
VisualStudioVersion = 16.0.31624.102
MinimumVisualStudioVersion = 10.0.40219.1
Project("{FAE04EC0-301F-11D3-BF4B-00C04F79EFBC}") = "BookRestAPI", "BookRestAPI\BookRestAPI.csproj", "{56F59F76-BB76-4B40-8204-8A5F36E4A840}"
EndProject
Global
	GlobalSection(SolutionConfigurationPlatforms) = preSolution
		Debug|Any CPU = Debug|Any CPU
		Release|Any CPU = Release|Any CPU
	EndGlobalSection
	GlobalSection(ProjectConfigurationPlatforms) = postSolution
		{56F59F76-BB76-4B40-8204-8A5F36E4A840}.Debug|Any CPU.ActiveCfg = Debug|Any CPU
		{56F59F76-BB76-4B40-8204-8A5F36E4A840}.Debug|Any CPU.Build.0 = Debug|Any CPU
		{56F59F76-BB76-4B40-8204-8A5F36E4A840}.Release|Any CPU.ActiveCfg = Release|Any CPU
		{56F59F76-BB76-4B40-8204-8A5F36E4A840}.Release|Any CPU.Build.0 = Release|Any CPU
	EndGlobalSection
	GlobalSection(SolutionProperties) = preSolution
		HideSolutionNode = FALSE
	EndGlobalSection
	GlobalSection(ExtensibilityGlobals) = postSolution
		SolutionGuid = {DFF7B58A-C6B0-4851-B779-4DC4DFBDE42A}
	EndGlobalSection
EndGlobal
